
Microsoft Visual Studio Solution File, Format Version 11.00
# Visual Studio 2010
Project("{FAE04EC0-301F-11D3-BF4B-00C04F79EFBC}") = "MvcApplication1", "MvcApplication1\MvcApplication1.csproj", "{28949763-B2AA-4F10-A3A0-DDFB9E3918B9}"
EndProject
Project("{FAE04EC0-301F-11D3-BF4B-00C04F79EFBC}") = "Api", "Api\Api.csproj", "{A6DAB398-A454-4CC0-9BDF-2865D154489A}"
EndProject
Global
	GlobalSection(SolutionConfigurationPlatforms) = preSolution
		Debug|Any CPU = Debug|Any CPU
		Release|Any CPU = Release|Any CPU
	EndGlobalSection
	GlobalSection(ProjectConfigurationPlatforms) = postSolution
		{28949763-B2AA-4F10-A3A0-DDFB9E3918B9}.Debug|Any CPU.ActiveCfg = Debug|Any CPU
		{28949763-B2AA-4F10-A3A0-DDFB9E3918B9}.Debug|Any CPU.Build.0 = Debug|Any CPU
		{28949763-B2AA-4F10-A3A0-DDFB9E3918B9}.Release|Any CPU.ActiveCfg = Release|Any CPU
		{28949763-B2AA-4F10-A3A0-DDFB9E3918B9}.Release|Any CPU.Build.0 = Release|Any CPU
		{A6DAB398-A454-4CC0-9BDF-2865D154489A}.Debug|Any CPU.ActiveCfg = Debug|Any CPU
		{A6DAB398-A454-4CC0-9BDF-2865D154489A}.Debug|Any CPU.Build.0 = Debug|Any CPU
		{A6DAB398-A454-4CC0-9BDF-2865D154489A}.Release|Any CPU.ActiveCfg = Release|Any CPU
		{A6DAB398-A454-4CC0-9BDF-2865D154489A}.Release|Any CPU.Build.0 = Release|Any CPU
	EndGlobalSection
	GlobalSection(SolutionProperties) = preSolution
		HideSolutionNode = FALSE
	EndGlobalSection
EndGlobal
